
Microsoft Visual Studio Solution File, Format Version 12.00
# Visual Studio Version 17
VisualStudioVersion = 17.0.31903.59
MinimumVisualStudioVersion = 10.0.40219.1
Project("{2150E333-8FDC-42A3-9474-1A3956D46DE8}") = "src", "src", "{02EA681E-C7D8-13C7-8484-4AC65E1B71E8}"
EndProject
Project("{2150E333-8FDC-42A3-9474-1A3956D46DE8}") = "services", "services", "{C4F23536-69D1-4718-B3BA-F3F32ABDFE29}"
EndProject
Project("{2150E333-8FDC-42A3-9474-1A3956D46DE8}") = "aspire", "aspire", "{BAEFF224-A453-40DA-934A-1621BAAAE3BF}"
EndProject
Project("{2150E333-8FDC-42A3-9474-1A3956D46DE8}") = "AuthService", "AuthService", "{09FA9E47-70CC-41FA-BC8A-430996F05708}"
EndProject
Project("{FAE04EC0-301F-11D3-BF4B-00C04F79EFBC}") = "AuthService.API", "src\services\AuthService\AuthService.API\AuthService.API.csproj", "{FACEB60B-62DA-05E6-013C-C0B535E4F654}"
EndProject
Project("{FAE04EC0-301F-11D3-BF4B-00C04F79EFBC}") = "AuthService.Application", "src\services\AuthService\AuthService.Application\AuthService.Application.csproj", "{F7494CCA-9776-47C0-9B0D-E1C1C97D8EEF}"
EndProject
Project("{FAE04EC0-301F-11D3-BF4B-00C04F79EFBC}") = "AuthService.Domain", "src\services\AuthService\AuthService.Domain\AuthService.Domain.csproj", "{1847D931-FCCC-4F68-97E3-66A1DA2D7053}"
EndProject
Project("{FAE04EC0-301F-11D3-BF4B-00C04F79EFBC}") = "AuthService.Infrastructure", "src\services\AuthService\AuthService.Infrastructure\AuthService.Infrastructure.csproj", "{74583A71-407B-440E-9A1F-BF9476682597}"
EndProject
Project("{2150E333-8FDC-42A3-9474-1A3956D46DE8}") = "BookingService", "BookingService", "{7216A7F3-913D-4452-B2E6-8BBB0289E6B7}"
EndProject
Project("{2150E333-8FDC-42A3-9474-1A3956D46DE8}") = "PaymentService", "PaymentService", "{5BC6CDE3-FC49-4897-BD83-9C63B68268A1}"
EndProject
Project("{2150E333-8FDC-42A3-9474-1A3956D46DE8}") = "NotificationService", "NotificationService", "{0AE5E3E5-C292-4229-B2B8-DC77AD20DF41}"
EndProject
Project("{2150E333-8FDC-42A3-9474-1A3956D46DE8}") = "CalendarService", "CalendarService", "{103ADA93-903C-45CA-BF43-703056B9B3D6}"
EndProject
Project("{FAE04EC0-301F-11D3-BF4B-00C04F79EFBC}") = "BookingService.API", "src\services\BookingService\BookingService.API\BookingService.API.csproj", "{5AC710DC-9D30-D4D9-2545-B7393B35F273}"
EndProject
Project("{FAE04EC0-301F-11D3-BF4B-00C04F79EFBC}") = "CalendarService.API", "src\services\CalendarService\CalendarService.API\CalendarService.API.csproj", "{4E5E0B85-4B5F-16CC-D272-6D4B4CC5801A}"
EndProject
Project("{FAE04EC0-301F-11D3-BF4B-00C04F79EFBC}") = "NotificationService.API", "src\services\NotificationService\NotificationService.API\NotificationService.API.csproj", "{1E8A6D5B-262A-719D-FDB9-AAD428CC193C}"
EndProject
Project("{FAE04EC0-301F-11D3-BF4B-00C04F79EFBC}") = "PaymentService.API", "src\services\PaymentService\PaymentService.API\PaymentService.API.csproj", "{84E5564A-8EED-04D9-360C-0189D7A9791D}"
EndProject
Project("{FAE04EC0-301F-11D3-BF4B-00C04F79EFBC}") = "BookingService.Domain", "src\services\BookingService\BookingService.Domain\BookingService.Domain.csproj", "{A5BA3E12-751D-4443-9C13-62708F4D8013}"
EndProject
Project("{FAE04EC0-301F-11D3-BF4B-00C04F79EFBC}") = "BookingService.Infrastructure", "src\services\BookingService\BookingService.Infrastructure\BookingService.Infrastructure.csproj", "{091ABCDE-A8A7-4032-9B9B-3CD97772583A}"
EndProject
Project("{FAE04EC0-301F-11D3-BF4B-00C04F79EFBC}") = "BookingService.Application", "src\services\BookingService\BookingService.Application\BookingService.Application.csproj", "{CF6F34A7-124E-4F8E-A451-A5BD7ECA5975}"
EndProject
Project("{FAE04EC0-301F-11D3-BF4B-00C04F79EFBC}") = "CalendarService.Domain", "src\services\CalendarService\CalendarService.Domain\CalendarService.Domain.csproj", "{1CB819C4-BCA3-48F2-9533-C8DD1AA1EAF5}"
EndProject
Project("{FAE04EC0-301F-11D3-BF4B-00C04F79EFBC}") = "CalendarService.Infrastructure", "src\services\CalendarService\CalendarService.Infrastructure\CalendarService.Infrastructure.csproj", "{35914CE0-D9E8-4133-AF66-268F73EDB06D}"
EndProject
Project("{FAE04EC0-301F-11D3-BF4B-00C04F79EFBC}") = "CalendarService.Application", "src\services\CalendarService\CalendarService.Application\CalendarService.Application.csproj", "{E36B3C7D-2426-49AD-81FF-87C9155E1C93}"
EndProject
Project("{FAE04EC0-301F-11D3-BF4B-00C04F79EFBC}") = "NotificationService.Domain", "src\services\NotificationService\NotificationService.Domain\NotificationService.Domain.csproj", "{7657E19F-B76A-4757-996C-B5A6280D97AE}"
EndProject
Project("{FAE04EC0-301F-11D3-BF4B-00C04F79EFBC}") = "NotificationService.Application", "src\services\NotificationService\NotificationService.Application\NotificationService.Application.csproj", "{8DAE77C5-07BE-4874-BD81-EA94D895C020}"
EndProject
Project("{FAE04EC0-301F-11D3-BF4B-00C04F79EFBC}") = "NotificationService.Infrastructure", "src\services\NotificationService\NotificationService.Infrastructure\NotificationService.Infrastructure.csproj", "{F50E5365-A1B1-4600-9FEF-3DFC45C78CF1}"
EndProject
Project("{FAE04EC0-301F-11D3-BF4B-00C04F79EFBC}") = "PaymentService.Infrastructure", "src\services\PaymentService\PaymentService.Infrastructure\PaymentService.Infrastructure.csproj", "{D0D14369-B408-4663-83EE-D12A6E197C54}"
EndProject
Project("{FAE04EC0-301F-11D3-BF4B-00C04F79EFBC}") = "PaymentService.Application", "src\services\PaymentService\PaymentService.Application\PaymentService.Application.csproj", "{8942B2CA-711C-4CFB-8339-40EC3B8016D8}"
EndProject
Project("{FAE04EC0-301F-11D3-BF4B-00C04F79EFBC}") = "PaymentService.Domain", "src\services\PaymentService\PaymentService.Domain\PaymentService.Domain.csproj", "{986963BA-7191-4FE5-8664-2AB05BE4759C}"
EndProject
Project("{2150E333-8FDC-42A3-9474-1A3956D46DE8}") = "APIGateway", "APIGateway", "{32F7529E-0A80-416B-BFFA-BF5DA1DC0969}"
EndProject
Project("{FAE04EC0-301F-11D3-BF4B-00C04F79EFBC}") = "APIGateway.API", "src\services\APIGateway\APIGateway.API\APIGateway.API.csproj", "{0BEB295A-8341-4917-8189-7529CCC5BA2E}"
EndProject
Project("{FAE04EC0-301F-11D3-BF4B-00C04F79EFBC}") = "AppointmentBooking.AppHost", "src\aspire\AppointmentBooking.AppHost\AppointmentBooking.AppHost.csproj", "{ED1CF585-B645-4B64-9F16-67EAE81DE8C0}"
EndProject
Global
	GlobalSection(SolutionConfigurationPlatforms) = preSolution
		Debug|Any CPU = Debug|Any CPU
		Release|Any CPU = Release|Any CPU
	EndGlobalSection
	GlobalSection(ProjectConfigurationPlatforms) = postSolution
		{FACEB60B-62DA-05E6-013C-C0B535E4F654}.Debug|Any CPU.ActiveCfg = Debug|Any CPU
		{FACEB60B-62DA-05E6-013C-C0B535E4F654}.Debug|Any CPU.Build.0 = Debug|Any CPU
		{FACEB60B-62DA-05E6-013C-C0B535E4F654}.Release|Any CPU.ActiveCfg = Release|Any CPU
		{FACEB60B-62DA-05E6-013C-C0B535E4F654}.Release|Any CPU.Build.0 = Release|Any CPU
		{F7494CCA-9776-47C0-9B0D-E1C1C97D8EEF}.Debug|Any CPU.ActiveCfg = Debug|Any CPU
		{F7494CCA-9776-47C0-9B0D-E1C1C97D8EEF}.Debug|Any CPU.Build.0 = Debug|Any CPU
		{F7494CCA-9776-47C0-9B0D-E1C1C97D8EEF}.Release|Any CPU.ActiveCfg = Release|Any CPU
		{F7494CCA-9776-47C0-9B0D-E1C1C97D8EEF}.Release|Any CPU.Build.0 = Release|Any CPU
		{1847D931-FCCC-4F68-97E3-66A1DA2D7053}.Debug|Any CPU.ActiveCfg = Debug|Any CPU
		{1847D931-FCCC-4F68-97E3-66A1DA2D7053}.Debug|Any CPU.Build.0 = Debug|Any CPU
		{1847D931-FCCC-4F68-97E3-66A1DA2D7053}.Release|Any CPU.ActiveCfg = Release|Any CPU
		{1847D931-FCCC-4F68-97E3-66A1DA2D7053}.Release|Any CPU.Build.0 = Release|Any CPU
		{74583A71-407B-440E-9A1F-BF9476682597}.Debug|Any CPU.ActiveCfg = Debug|Any CPU
		{74583A71-407B-440E-9A1F-BF9476682597}.Debug|Any CPU.Build.0 = Debug|Any CPU
		{74583A71-407B-440E-9A1F-BF9476682597}.Release|Any CPU.ActiveCfg = Release|Any CPU
		{74583A71-407B-440E-9A1F-BF9476682597}.Release|Any CPU.Build.0 = Release|Any CPU
		{5AC710DC-9D30-D4D9-2545-B7393B35F273}.Debug|Any CPU.ActiveCfg = Debug|Any CPU
		{5AC710DC-9D30-D4D9-2545-B7393B35F273}.Debug|Any CPU.Build.0 = Debug|Any CPU
		{5AC710DC-9D30-D4D9-2545-B7393B35F273}.Release|Any CPU.ActiveCfg = Release|Any CPU
		{5AC710DC-9D30-D4D9-2545-B7393B35F273}.Release|Any CPU.Build.0 = Release|Any CPU
		{4E5E0B85-4B5F-16CC-D272-6D4B4CC5801A}.Debug|Any CPU.ActiveCfg = Debug|Any CPU
		{4E5E0B85-4B5F-16CC-D272-6D4B4CC5801A}.Debug|Any CPU.Build.0 = Debug|Any CPU
		{4E5E0B85-4B5F-16CC-D272-6D4B4CC5801A}.Release|Any CPU.ActiveCfg = Release|Any CPU
		{4E5E0B85-4B5F-16CC-D272-6D4B4CC5801A}.Release|Any CPU.Build.0 = Release|Any CPU
		{1E8A6D5B-262A-719D-FDB9-AAD428CC193C}.Debug|Any CPU.ActiveCfg = Debug|Any CPU
		{1E8A6D5B-262A-719D-FDB9-AAD428CC193C}.Debug|Any CPU.Build.0 = Debug|Any CPU
		{1E8A6D5B-262A-719D-FDB9-AAD428CC193C}.Release|Any CPU.ActiveCfg = Release|Any CPU
		{1E8A6D5B-262A-719D-FDB9-AAD428CC193C}.Release|Any CPU.Build.0 = Release|Any CPU
		{84E5564A-8EED-04D9-360C-0189D7A9791D}.Debug|Any CPU.ActiveCfg = Debug|Any CPU
		{84E5564A-8EED-04D9-360C-0189D7A9791D}.Debug|Any CPU.Build.0 = Debug|Any CPU
		{84E5564A-8EED-04D9-360C-0189D7A9791D}.Release|Any CPU.ActiveCfg = Release|Any CPU
		{84E5564A-8EED-04D9-360C-0189D7A9791D}.Release|Any CPU.Build.0 = Release|Any CPU
		{A5BA3E12-751D-4443-9C13-62708F4D8013}.Debug|Any CPU.ActiveCfg = Debug|Any CPU
		{A5BA3E12-751D-4443-9C13-62708F4D8013}.Debug|Any CPU.Build.0 = Debug|Any CPU
		{A5BA3E12-751D-4443-9C13-62708F4D8013}.Release|Any CPU.ActiveCfg = Release|Any CPU
		{A5BA3E12-751D-4443-9C13-62708F4D8013}.Release|Any CPU.Build.0 = Release|Any CPU
		{091ABCDE-A8A7-4032-9B9B-3CD97772583A}.Debug|Any CPU.ActiveCfg = Debug|Any CPU
		{091ABCDE-A8A7-4032-9B9B-3CD97772583A}.Debug|Any CPU.Build.0 = Debug|Any CPU
		{091ABCDE-A8A7-4032-9B9B-3CD97772583A}.Release|Any CPU.ActiveCfg = Release|Any CPU
		{091ABCDE-A8A7-4032-9B9B-3CD97772583A}.Release|Any CPU.Build.0 = Release|Any CPU
		{CF6F34A7-124E-4F8E-A451-A5BD7ECA5975}.Debug|Any CPU.ActiveCfg = Debug|Any CPU
		{CF6F34A7-124E-4F8E-A451-A5BD7ECA5975}.Debug|Any CPU.Build.0 = Debug|Any CPU
		{CF6F34A7-124E-4F8E-A451-A5BD7ECA5975}.Release|Any CPU.ActiveCfg = Release|Any CPU
		{CF6F34A7-124E-4F8E-A451-A5BD7ECA5975}.Release|Any CPU.Build.0 = Release|Any CPU
		{1CB819C4-BCA3-48F2-9533-C8DD1AA1EAF5}.Debug|Any CPU.ActiveCfg = Debug|Any CPU
		{1CB819C4-BCA3-48F2-9533-C8DD1AA1EAF5}.Debug|Any CPU.Build.0 = Debug|Any CPU
		{1CB819C4-BCA3-48F2-9533-C8DD1AA1EAF5}.Release|Any CPU.ActiveCfg = Release|Any CPU
		{1CB819C4-BCA3-48F2-9533-C8DD1AA1EAF5}.Release|Any CPU.Build.0 = Release|Any CPU
		{35914CE0-D9E8-4133-AF66-268F73EDB06D}.Debug|Any CPU.ActiveCfg = Debug|Any CPU
		{35914CE0-D9E8-4133-AF66-268F73EDB06D}.Debug|Any CPU.Build.0 = Debug|Any CPU
		{35914CE0-D9E8-4133-AF66-268F73EDB06D}.Release|Any CPU.ActiveCfg = Release|Any CPU
		{35914CE0-D9E8-4133-AF66-268F73EDB06D}.Release|Any CPU.Build.0 = Release|Any CPU
		{E36B3C7D-2426-49AD-81FF-87C9155E1C93}.Debug|Any CPU.ActiveCfg = Debug|Any CPU
		{E36B3C7D-2426-49AD-81FF-87C9155E1C93}.Debug|Any CPU.Build.0 = Debug|Any CPU
		{E36B3C7D-2426-49AD-81FF-87C9155E1C93}.Release|Any CPU.ActiveCfg = Release|Any CPU
		{E36B3C7D-2426-49AD-81FF-87C9155E1C93}.Release|Any CPU.Build.0 = Release|Any CPU
		{7657E19F-B76A-4757-996C-B5A6280D97AE}.Debug|Any CPU.ActiveCfg = Debug|Any CPU
		{7657E19F-B76A-4757-996C-B5A6280D97AE}.Debug|Any CPU.Build.0 = Debug|Any CPU
		{7657E19F-B76A-4757-996C-B5A6280D97AE}.Release|Any CPU.ActiveCfg = Release|Any CPU
		{7657E19F-B76A-4757-996C-B5A6280D97AE}.Release|Any CPU.Build.0 = Release|Any CPU
		{8DAE77C5-07BE-4874-BD81-EA94D895C020}.Debug|Any CPU.ActiveCfg = Debug|Any CPU
		{8DAE77C5-07BE-4874-BD81-EA94D895C020}.Debug|Any CPU.Build.0 = Debug|Any CPU
		{8DAE77C5-07BE-4874-BD81-EA94D895C020}.Release|Any CPU.ActiveCfg = Release|Any CPU
		{8DAE77C5-07BE-4874-BD81-EA94D895C020}.Release|Any CPU.Build.0 = Release|Any CPU
		{F50E5365-A1B1-4600-9FEF-3DFC45C78CF1}.Debug|Any CPU.ActiveCfg = Debug|Any CPU
		{F50E5365-A1B1-4600-9FEF-3DFC45C78CF1}.Debug|Any CPU.Build.0 = Debug|Any CPU
		{F50E5365-A1B1-4600-9FEF-3DFC45C78CF1}.Release|Any CPU.ActiveCfg = Release|Any CPU
		{F50E5365-A1B1-4600-9FEF-3DFC45C78CF1}.Release|Any CPU.Build.0 = Release|Any CPU
		{D0D14369-B408-4663-83EE-D12A6E197C54}.Debug|Any CPU.ActiveCfg = Debug|Any CPU
		{D0D14369-B408-4663-83EE-D12A6E197C54}.Debug|Any CPU.Build.0 = Debug|Any CPU
		{D0D14369-B408-4663-83EE-D12A6E197C54}.Release|Any CPU.ActiveCfg = Release|Any CPU
		{D0D14369-B408-4663-83EE-D12A6E197C54}.Release|Any CPU.Build.0 = Release|Any CPU
		{8942B2CA-711C-4CFB-8339-40EC3B8016D8}.Debug|Any CPU.ActiveCfg = Debug|Any CPU
		{8942B2CA-711C-4CFB-8339-40EC3B8016D8}.Debug|Any CPU.Build.0 = Debug|Any CPU
		{8942B2CA-711C-4CFB-8339-40EC3B8016D8}.Release|Any CPU.ActiveCfg = Release|Any CPU
		{8942B2CA-711C-4CFB-8339-40EC3B8016D8}.Release|Any CPU.Build.0 = Release|Any CPU
		{986963BA-7191-4FE5-8664-2AB05BE4759C}.Debug|Any CPU.ActiveCfg = Debug|Any CPU
		{986963BA-7191-4FE5-8664-2AB05BE4759C}.Debug|Any CPU.Build.0 = Debug|Any CPU
		{986963BA-7191-4FE5-8664-2AB05BE4759C}.Release|Any CPU.ActiveCfg = Release|Any CPU
		{986963BA-7191-4FE5-8664-2AB05BE4759C}.Release|Any CPU.Build.0 = Release|Any CPU
		{0BEB295A-8341-4917-8189-7529CCC5BA2E}.Debug|Any CPU.ActiveCfg = Debug|Any CPU
		{0BEB295A-8341-4917-8189-7529CCC5BA2E}.Debug|Any CPU.Build.0 = Debug|Any CPU
		{0BEB295A-8341-4917-8189-7529CCC5BA2E}.Release|Any CPU.ActiveCfg = Release|Any CPU
		{0BEB295A-8341-4917-8189-7529CCC5BA2E}.Release|Any CPU.Build.0 = Release|Any CPU
		{ED1CF585-B645-4B64-9F16-67EAE81DE8C0}.Debug|Any CPU.ActiveCfg = Debug|Any CPU
		{ED1CF585-B645-4B64-9F16-67EAE81DE8C0}.Debug|Any CPU.Build.0 = Debug|Any CPU
		{ED1CF585-B645-4B64-9F16-67EAE81DE8C0}.Release|Any CPU.ActiveCfg = Release|Any CPU
		{ED1CF585-B645-4B64-9F16-67EAE81DE8C0}.Release|Any CPU.Build.0 = Release|Any CPU
	EndGlobalSection
	GlobalSection(SolutionProperties) = preSolution
		HideSolutionNode = FALSE
	EndGlobalSection
	GlobalSection(NestedProjects) = preSolution
		{C4F23536-69D1-4718-B3BA-F3F32ABDFE29} = {02EA681E-C7D8-13C7-8484-4AC65E1B71E8}
		{BAEFF224-A453-40DA-934A-1621BAAAE3BF} = {02EA681E-C7D8-13C7-8484-4AC65E1B71E8}
		{09FA9E47-70CC-41FA-BC8A-430996F05708} = {C4F23536-69D1-4718-B3BA-F3F32ABDFE29}
		{FACEB60B-62DA-05E6-013C-C0B535E4F654} = {09FA9E47-70CC-41FA-BC8A-430996F05708}
		{F7494CCA-9776-47C0-9B0D-E1C1C97D8EEF} = {09FA9E47-70CC-41FA-BC8A-430996F05708}
		{1847D931-FCCC-4F68-97E3-66A1DA2D7053} = {09FA9E47-70CC-41FA-BC8A-430996F05708}
		{74583A71-407B-440E-9A1F-BF9476682597} = {09FA9E47-70CC-41FA-BC8A-430996F05708}
		{7216A7F3-913D-4452-B2E6-8BBB0289E6B7} = {C4F23536-69D1-4718-B3BA-F3F32ABDFE29}
		{5BC6CDE3-FC49-4897-BD83-9C63B68268A1} = {C4F23536-69D1-4718-B3BA-F3F32ABDFE29}
		{0AE5E3E5-C292-4229-B2B8-DC77AD20DF41} = {C4F23536-69D1-4718-B3BA-F3F32ABDFE29}
		{103ADA93-903C-45CA-BF43-703056B9B3D6} = {C4F23536-69D1-4718-B3BA-F3F32ABDFE29}
		{5AC710DC-9D30-D4D9-2545-B7393B35F273} = {7216A7F3-913D-4452-B2E6-8BBB0289E6B7}
		{4E5E0B85-4B5F-16CC-D272-6D4B4CC5801A} = {103ADA93-903C-45CA-BF43-703056B9B3D6}
		{1E8A6D5B-262A-719D-FDB9-AAD428CC193C} = {0AE5E3E5-C292-4229-B2B8-DC77AD20DF41}
		{84E5564A-8EED-04D9-360C-0189D7A9791D} = {5BC6CDE3-FC49-4897-BD83-9C63B68268A1}
		{A5BA3E12-751D-4443-9C13-62708F4D8013} = {7216A7F3-913D-4452-B2E6-8BBB0289E6B7}
		{091ABCDE-A8A7-4032-9B9B-3CD97772583A} = {7216A7F3-913D-4452-B2E6-8BBB0289E6B7}
		{CF6F34A7-124E-4F8E-A451-A5BD7ECA5975} = {7216A7F3-913D-4452-B2E6-8BBB0289E6B7}
		{1CB819C4-BCA3-48F2-9533-C8DD1AA1EAF5} = {103ADA93-903C-45CA-BF43-703056B9B3D6}
		{35914CE0-D9E8-4133-AF66-268F73EDB06D} = {103ADA93-903C-45CA-BF43-703056B9B3D6}
		{E36B3C7D-2426-49AD-81FF-87C9155E1C93} = {103ADA93-903C-45CA-BF43-703056B9B3D6}
		{7657E19F-B76A-4757-996C-B5A6280D97AE} = {0AE5E3E5-C292-4229-B2B8-DC77AD20DF41}
		{8DAE77C5-07BE-4874-BD81-EA94D895C020} = {0AE5E3E5-C292-4229-B2B8-DC77AD20DF41}
		{F50E5365-A1B1-4600-9FEF-3DFC45C78CF1} = {0AE5E3E5-C292-4229-B2B8-DC77AD20DF41}
		{D0D14369-B408-4663-83EE-D12A6E197C54} = {5BC6CDE3-FC49-4897-BD83-9C63B68268A1}
		{8942B2CA-711C-4CFB-8339-40EC3B8016D8} = {5BC6CDE3-FC49-4897-BD83-9C63B68268A1}
		{986963BA-7191-4FE5-8664-2AB05BE4759C} = {5BC6CDE3-FC49-4897-BD83-9C63B68268A1}
		{32F7529E-0A80-416B-BFFA-BF5DA1DC0969} = {C4F23536-69D1-4718-B3BA-F3F32ABDFE29}
		{0BEB295A-8341-4917-8189-7529CCC5BA2E} = {32F7529E-0A80-416B-BFFA-BF5DA1DC0969}
		{ED1CF585-B645-4B64-9F16-67EAE81DE8C0} = {BAEFF224-A453-40DA-934A-1621BAAAE3BF}
	EndGlobalSection
	GlobalSection(ExtensibilityGlobals) = postSolution
		SolutionGuid = {837C2EBE-0748-456B-A0CC-412AB9A21128}
	EndGlobalSection
EndGlobal
